
Microsoft Visual Studio Solution File, Format Version 12.00
# Visual Studio Version 17
VisualStudioVersion = 17.3.32825.248
MinimumVisualStudioVersion = 10.0.40219.1
Project("{FAE04EC0-301F-11D3-BF4B-00C04F79EFBC}") = "PixelFont Kulish", "PixelFont Kulish.csproj", "{24E82C70-C530-4E9B-BC56-D4EE425E8EAA}"
EndProject
Global
	GlobalSection(SolutionConfigurationPlatforms) = preSolution
		Debug|Any CPU = Debug|Any CPU
		Release|Any CPU = Release|Any CPU
	EndGlobalSection
	GlobalSection(ProjectConfigurationPlatforms) = postSolution
		{24E82C70-C530-4E9B-BC56-D4EE425E8EAA}.Debug|Any CPU.ActiveCfg = Debug|Any CPU
		{24E82C70-C530-4E9B-BC56-D4EE425E8EAA}.Debug|Any CPU.Build.0 = Debug|Any CPU
		{24E82C70-C530-4E9B-BC56-D4EE425E8EAA}.Release|Any CPU.ActiveCfg = Release|Any CPU
		{24E82C70-C530-4E9B-BC56-D4EE425E8EAA}.Release|Any CPU.Build.0 = Release|Any CPU
	EndGlobalSection
	GlobalSection(SolutionProperties) = preSolution
		HideSolutionNode = FALSE
	EndGlobalSection
	GlobalSection(ExtensibilityGlobals) = postSolution
		SolutionGuid = {9364CA0F-0C4B-43B3-AF1E-5889B3B3BBA6}
	EndGlobalSection
EndGlobal
